
Microsoft Visual Studio Solution File, Format Version 12.00
# Visual Studio Version 17
VisualStudioVersion = 17.7.34202.233
MinimumVisualStudioVersion = 10.0.40219.1
Project("{FAE04EC0-301F-11D3-BF4B-00C04F79EFBC}") = "PushNotfication", "PushNotfication\PushNotfication.csproj", "{7DE16EDE-78FB-4C84-B968-71C2FF18EAC4}"
EndProject
Global
	GlobalSection(SolutionConfigurationPlatforms) = preSolution
		Debug|Any CPU = Debug|Any CPU
		Release|Any CPU = Release|Any CPU
	EndGlobalSection
	GlobalSection(ProjectConfigurationPlatforms) = postSolution
		{7DE16EDE-78FB-4C84-B968-71C2FF18EAC4}.Debug|Any CPU.ActiveCfg = Debug|Any CPU
		{7DE16EDE-78FB-4C84-B968-71C2FF18EAC4}.Debug|Any CPU.Build.0 = Debug|Any CPU
		{7DE16EDE-78FB-4C84-B968-71C2FF18EAC4}.Release|Any CPU.ActiveCfg = Release|Any CPU
		{7DE16EDE-78FB-4C84-B968-71C2FF18EAC4}.Release|Any CPU.Build.0 = Release|Any CPU
	EndGlobalSection
	GlobalSection(SolutionProperties) = preSolution
		HideSolutionNode = FALSE
	EndGlobalSection
	GlobalSection(ExtensibilityGlobals) = postSolution
		SolutionGuid = {0924A67E-A72D-419C-92DF-2A5F36C5D963}
	EndGlobalSection
EndGlobal
